// !$*UTF8*$!
{
	archiveVersion = 1;
	classes = {
	};
	objectVersion = 46;
	objects = {

/* Begin PBXBuildFile section */
		6B24DC9D192C6DE6004363B8 /* DynamicXray.framework in Frameworks */ = {isa = PBXBuildFile; fileRef = 6B24DC9C192C6DE5004363B8 /* DynamicXray.framework */; };
		6B63968C192B0EE000DEA5E3 /* Foundation.framework in Frameworks */ = {isa = PBXBuildFile; fileRef = 6B63968B192B0EE000DEA5E3 /* Foundation.framework */; };
		6B63968E192B0EE000DEA5E3 /* CoreGraphics.framework in Frameworks */ = {isa = PBXBuildFile; fileRef = 6B63968D192B0EE000DEA5E3 /* CoreGraphics.framework */; };
		6B639690192B0EE000DEA5E3 /* UIKit.framework in Frameworks */ = {isa = PBXBuildFile; fileRef = 6B63968F192B0EE000DEA5E3 /* UIKit.framework */; };
		6B639696192B0EE000DEA5E3 /* InfoPlist.strings in Resources */ = {isa = PBXBuildFile; fileRef = 6B639694192B0EE000DEA5E3 /* InfoPlist.strings */; };
		6B639698192B0EE000DEA5E3 /* main.m in Sources */ = {isa = PBXBuildFile; fileRef = 6B639697192B0EE000DEA5E3 /* main.m */; };
		6B63969C192B0EE000DEA5E3 /* AppDelegate.m in Sources */ = {isa = PBXBuildFile; fileRef = 6B63969B192B0EE000DEA5E3 /* AppDelegate.m */; };
		6B6396A5192B0EE000DEA5E3 /* ViewController.m in Sources */ = {isa = PBXBuildFile; fileRef = 6B6396A4192B0EE000DEA5E3 /* ViewController.m */; };
		6B6396A7192B0EE000DEA5E3 /* Images.xcassets in Resources */ = {isa = PBXBuildFile; fileRef = 6B6396A6192B0EE000DEA5E3 /* Images.xcassets */; };
		6B6396AE192B0EE000DEA5E3 /* XCTest.framework in Frameworks */ = {isa = PBXBuildFile; fileRef = 6B6396AD192B0EE000DEA5E3 /* XCTest.framework */; };
		6B6396AF192B0EE000DEA5E3 /* Foundation.framework in Frameworks */ = {isa = PBXBuildFile; fileRef = 6B63968B192B0EE000DEA5E3 /* Foundation.framework */; };
		6B6396B0192B0EE000DEA5E3 /* UIKit.framework in Frameworks */ = {isa = PBXBuildFile; fileRef = 6B63968F192B0EE000DEA5E3 /* UIKit.framework */; };
		6B6396B8192B0EE000DEA5E3 /* InfoPlist.strings in Resources */ = {isa = PBXBuildFile; fileRef = 6B6396B6192B0EE000DEA5E3 /* InfoPlist.strings */; };
		6B6396BA192B0EE000DEA5E3 /* SwipeShrinkTests.m in Sources */ = {isa = PBXBuildFile; fileRef = 6B6396B9192B0EE000DEA5E3 /* SwipeShrinkTests.m */; };
		6B6396C5192B132A00DEA5E3 /* SwipeShrinkView.m in Sources */ = {isa = PBXBuildFile; fileRef = 6B6396C4192B132A00DEA5E3 /* SwipeShrinkView.m */; };
/* End PBXBuildFile section */

/* Begin PBXContainerItemProxy section */
		6B6396B1192B0EE000DEA5E3 /* PBXContainerItemProxy */ = {
			isa = PBXContainerItemProxy;
			containerPortal = 6B639680192B0EE000DEA5E3 /* Project object */;
			proxyType = 1;
			remoteGlobalIDString = 6B639687192B0EE000DEA5E3;
			remoteInfo = SwipeShrink;
		};
/* End PBXContainerItemProxy section */

/* Begin PBXFileReference section */
		6B24DC9C192C6DE5004363B8 /* DynamicXray.framework */ = {isa = PBXFileReference; lastKnownFileType = wrapper.framework; path = DynamicXray.framework; sourceTree = "<group>"; };
		6B639688192B0EE000DEA5E3 /* SwipeShrink.app */ = {isa = PBXFileReference; explicitFileType = wrapper.application; includeInIndex = 0; path = SwipeShrink.app; sourceTree = BUILT_PRODUCTS_DIR; };
		6B63968B192B0EE000DEA5E3 /* Foundation.framework */ = {isa = PBXFileReference; lastKnownFileType = wrapper.framework; name = Foundation.framework; path = System/Library/Frameworks/Foundation.framework; sourceTree = SDKROOT; };
		6B63968D192B0EE000DEA5E3 /* CoreGraphics.framework */ = {isa = PBXFileReference; lastKnownFileType = wrapper.framework; name = CoreGraphics.framework; path = System/Library/Frameworks/CoreGraphics.framework; sourceTree = SDKROOT; };
		6B63968F192B0EE000DEA5E3 /* UIKit.framework */ = {isa = PBXFileReference; lastKnownFileType = wrapper.framework; name = UIKit.framework; path = System/Library/Frameworks/UIKit.framework; sourceTree = SDKROOT; };
		6B639693192B0EE000DEA5E3 /* SwipeShrink-Info.plist */ = {isa = PBXFileReference; lastKnownFileType = text.plist.xml; path = "SwipeShrink-Info.plist"; sourceTree = "<group>"; };
		6B639695192B0EE000DEA5E3 /* en */ = {isa = PBXFileReference; lastKnownFileType = text.plist.strings; name = en; path = en.lproj/InfoPlist.strings; sourceTree = "<group>"; };
		6B639697192B0EE000DEA5E3 /* main.m */ = {isa = PBXFileReference; lastKnownFileType = sourcecode.c.objc; path = main.m; sourceTree = "<group>"; };
		6B639699192B0EE000DEA5E3 /* SwipeShrink-Prefix.pch */ = {isa = PBXFileReference; lastKnownFileType = sourcecode.c.h; path = "SwipeShrink-Prefix.pch"; sourceTree = "<group>"; };
		6B63969A192B0EE000DEA5E3 /* AppDelegate.h */ = {isa = PBXFileReference; lastKnownFileType = sourcecode.c.h; path = AppDelegate.h; sourceTree = "<group>"; };
		6B63969B192B0EE000DEA5E3 /* AppDelegate.m */ = {isa = PBXFileReference; lastKnownFileType = sourcecode.c.objc; path = AppDelegate.m; sourceTree = "<group>"; };
		6B6396A3192B0EE000DEA5E3 /* ViewController.h */ = {isa = PBXFileReference; lastKnownFileType = sourcecode.c.h; path = ViewController.h; sourceTree = "<group>"; };
		6B6396A4192B0EE000DEA5E3 /* ViewController.m */ = {isa = PBXFileReference; lastKnownFileType = sourcecode.c.objc; path = ViewController.m; sourceTree = "<group>"; };
		6B6396A6192B0EE000DEA5E3 /* Images.xcassets */ = {isa = PBXFileReference; lastKnownFileType = folder.assetcatalog; path = Images.xcassets; sourceTree = "<group>"; };
		6B6396AC192B0EE000DEA5E3 /* SwipeShrinkTests.xctest */ = {isa = PBXFileReference; explicitFileType = wrapper.cfbundle; includeInIndex = 0; path = SwipeShrinkTests.xctest; sourceTree = BUILT_PRODUCTS_DIR; };
		6B6396AD192B0EE000DEA5E3 /* XCTest.framework */ = {isa = PBXFileReference; lastKnownFileType = wrapper.framework; name = XCTest.framework; path = Library/Frameworks/XCTest.framework; sourceTree = DEVELOPER_DIR; };
		6B6396B5192B0EE000DEA5E3 /* SwipeShrinkTests-Info.plist */ = {isa = PBXFileReference; lastKnownFileType = text.plist.xml; path = "SwipeShrinkTests-Info.plist"; sourceTree = "<group>"; };
		6B6396B7192B0EE000DEA5E3 /* en */ = {isa = PBXFileReference; lastKnownFileType = text.plist.strings; name = en; path = en.lproj/InfoPlist.strings; sourceTree = "<group>"; };
		6B6396B9192B0EE000DEA5E3 /* SwipeShrinkTests.m */ = {isa = PBXFileReference; lastKnownFileType = sourcecode.c.objc; path = SwipeShrinkTests.m; sourceTree = "<group>"; };
		6B6396C3192B132A00DEA5E3 /* SwipeShrinkView.h */ = {isa = PBXFileReference; fileEncoding = 4; lastKnownFileType = sourcecode.c.h; path = SwipeShrinkView.h; sourceTree = "<group>"; };
		6B6396C4192B132A00DEA5E3 /* SwipeShrinkView.m */ = {isa = PBXFileReference; fileEncoding = 4; lastKnownFileType = sourcecode.c.objc; path = SwipeShrinkView.m; sourceTree = "<group>"; };
/* End PBXFileReference section */

/* Begin PBXFrameworksBuildPhase section */
		6B639685192B0EE000DEA5E3 /* Frameworks */ = {
			isa = PBXFrameworksBuildPhase;
			buildActionMask = 2147483647;
			files = (
				6B63968E192B0EE000DEA5E3 /* CoreGraphics.framework in Frameworks */,
				6B639690192B0EE000DEA5E3 /* UIKit.framework in Frameworks */,
				6B24DC9D192C6DE6004363B8 /* DynamicXray.framework in Frameworks */,
				6B63968C192B0EE000DEA5E3 /* Foundation.framework in Frameworks */,
			);
			runOnlyForDeploymentPostprocessing = 0;
		};
		6B6396A9192B0EE000DEA5E3 /* Frameworks */ = {
			isa = PBXFrameworksBuildPhase;
			buildActionMask = 2147483647;
			files = (
				6B6396AE192B0EE000DEA5E3 /* XCTest.framework in Frameworks */,
				6B6396B0192B0EE000DEA5E3 /* UIKit.framework in Frameworks */,
				6B6396AF192B0EE000DEA5E3 /* Foundation.framework in Frameworks */,
			);
			runOnlyForDeploymentPostprocessing = 0;
		};
/* End PBXFrameworksBuildPhase section */

/* Begin PBXGroup section */
		6B63967F192B0EE000DEA5E3 = {
			isa = PBXGroup;
			children = (
				6B639691192B0EE000DEA5E3 /* SwipeShrink */,
				6B6396B3192B0EE000DEA5E3 /* SwipeShrinkTests */,
				6B63968A192B0EE000DEA5E3 /* Frameworks */,
				6B639689192B0EE000DEA5E3 /* Products */,
			);
			sourceTree = "<group>";
		};
		6B639689192B0EE000DEA5E3 /* Products */ = {
			isa = PBXGroup;
			children = (
				6B639688192B0EE000DEA5E3 /* SwipeShrink.app */,
				6B6396AC192B0EE000DEA5E3 /* SwipeShrinkTests.xctest */,
			);
			name = Products;
			sourceTree = "<group>";
		};
		6B63968A192B0EE000DEA5E3 /* Frameworks */ = {
			isa = PBXGroup;
			children = (
				6B24DC9C192C6DE5004363B8 /* DynamicXray.framework */,
				6B63968B192B0EE000DEA5E3 /* Foundation.framework */,
				6B63968D192B0EE000DEA5E3 /* CoreGraphics.framework */,
				6B63968F192B0EE000DEA5E3 /* UIKit.framework */,
				6B6396AD192B0EE000DEA5E3 /* XCTest.framework */,
			);
			name = Frameworks;
			sourceTree = "<group>";
		};
		6B639691192B0EE000DEA5E3 /* SwipeShrink */ = {
			isa = PBXGroup;
			children = (
				6B63969A192B0EE000DEA5E3 /* AppDelegate.h */,
				6B63969B192B0EE000DEA5E3 /* AppDelegate.m */,
				6B6396A3192B0EE000DEA5E3 /* ViewController.h */,
				6B6396A4192B0EE000DEA5E3 /* ViewController.m */,
				6B6396A6192B0EE000DEA5E3 /* Images.xcassets */,
				6B639692192B0EE000DEA5E3 /* Supporting Files */,
				6B6396C3192B132A00DEA5E3 /* SwipeShrinkView.h */,
				6B6396C4192B132A00DEA5E3 /* SwipeShrinkView.m */,
			);
			path = SwipeShrink;
			sourceTree = "<group>";
		};
		6B639692192B0EE000DEA5E3 /* Supporting Files */ = {
			isa = PBXGroup;
			children = (
				6B639693192B0EE000DEA5E3 /* SwipeShrink-Info.plist */,
				6B639694192B0EE000DEA5E3 /* InfoPlist.strings */,
				6B639697192B0EE000DEA5E3 /* main.m */,
				6B639699192B0EE000DEA5E3 /* SwipeShrink-Prefix.pch */,
			);
			name = "Supporting Files";
			sourceTree = "<group>";
		};
		6B6396B3192B0EE000DEA5E3 /* SwipeShrinkTests */ = {
			isa = PBXGroup;
			children = (
				6B6396B9192B0EE000DEA5E3 /* SwipeShrinkTests.m */,
				6B6396B4192B0EE000DEA5E3 /* Supporting Files */,
			);
			path = SwipeShrinkTests;
			sourceTree = "<group>";
		};
		6B6396B4192B0EE000DEA5E3 /* Supporting Files */ = {
			isa = PBXGroup;
			children = (
				6B6396B5192B0EE000DEA5E3 /* SwipeShrinkTests-Info.plist */,
				6B6396B6192B0EE000DEA5E3 /* InfoPlist.strings */,
			);
			name = "Supporting Files";
			sourceTree = "<group>";
		};
/* End PBXGroup section */

/* Begin PBXNativeTarget section */
		6B639687192B0EE000DEA5E3 /* SwipeShrink */ = {
			isa = PBXNativeTarget;
			buildConfigurationList = 6B6396BD192B0EE000DEA5E3 /* Build configuration list for PBXNativeTarget "SwipeShrink" */;
			buildPhases = (
				6B639684192B0EE000DEA5E3 /* Sources */,
				6B639685192B0EE000DEA5E3 /* Frameworks */,
				6B639686192B0EE000DEA5E3 /* Resources */,
			);
			buildRules = (
			);
			dependencies = (
			);
			name = SwipeShrink;
			productName = SwipeShrink;
			productReference = 6B639688192B0EE000DEA5E3 /* SwipeShrink.app */;
			productType = "com.apple.product-type.application";
		};
		6B6396AB192B0EE000DEA5E3 /* SwipeShrinkTests */ = {
			isa = PBXNativeTarget;
			buildConfigurationList = 6B6396C0192B0EE000DEA5E3 /* Build configuration list for PBXNativeTarget "SwipeShrinkTests" */;
			buildPhases = (
				6B6396A8192B0EE000DEA5E3 /* Sources */,
				6B6396A9192B0EE000DEA5E3 /* Frameworks */,
				6B6396AA192B0EE000DEA5E3 /* Resources */,
			);
			buildRules = (
			);
			dependencies = (
				6B6396B2192B0EE000DEA5E3 /* PBXTargetDependency */,
			);
			name = SwipeShrinkTests;
			productName = SwipeShrinkTests;
			productReference = 6B6396AC192B0EE000DEA5E3 /* SwipeShrinkTests.xctest */;
			productType = "com.apple.product-type.bundle.unit-test";
		};
/* End PBXNativeTarget section */

/* Begin PBXProject section */
		6B639680192B0EE000DEA5E3 /* Project object */ = {
			isa = PBXProject;
			attributes = {
				LastUpgradeCheck = 0510;
				ORGANIZATIONNAME = "Taylor Franklin";
				TargetAttributes = {
					6B6396AB192B0EE000DEA5E3 = {
						TestTargetID = 6B639687192B0EE000DEA5E3;
					};
				};
			};
			buildConfigurationList = 6B639683192B0EE000DEA5E3 /* Build configuration list for PBXProject "SwipeShrink" */;
			compatibilityVersion = "Xcode 3.2";
			developmentRegion = English;
			hasScannedForEncodings = 0;
			knownRegions = (
				en,
				Base,
			);
			mainGroup = 6B63967F192B0EE000DEA5E3;
			productRefGroup = 6B639689192B0EE000DEA5E3 /* Products */;
			projectDirPath = "";
			projectRoot = "";
			targets = (
				6B639687192B0EE000DEA5E3 /* SwipeShrink */,
				6B6396AB192B0EE000DEA5E3 /* SwipeShrinkTests */,
			);
		};
/* End PBXProject section */

/* Begin PBXResourcesBuildPhase section */
		6B639686192B0EE000DEA5E3 /* Resources */ = {
			isa = PBXResourcesBuildPhase;
			buildActionMask = 2147483647;
			files = (
				6B6396A7192B0EE000DEA5E3 /* Images.xcassets in Resources */,
				6B639696192B0EE000DEA5E3 /* InfoPlist.strings in Resources */,
			);
			runOnlyForDeploymentPostprocessing = 0;
		};
		6B6396AA192B0EE000DEA5E3 /* Resources */ = {
			isa = PBXResourcesBuildPhase;
			buildActionMask = 2147483647;
			files = (
				6B6396B8192B0EE000DEA5E3 /* InfoPlist.strings in Resources */,
			);
			runOnlyForDeploymentPostprocessing = 0;
		};
/* End PBXResourcesBuildPhase section */

/* Begin PBXSourcesBuildPhase section */
		6B639684192B0EE000DEA5E3 /* Sources */ = {
			isa = PBXSourcesBuildPhase;
			buildActionMask = 2147483647;
			files = (
				6B6396A5192B0EE000DEA5E3 /* ViewController.m in Sources */,
				6B63969C192B0EE000DEA5E3 /* AppDelegate.m in Sources */,
				6B6396C5192B132A00DEA5E3 /* SwipeShrinkView.m in Sources */,
				6B639698192B0EE000DEA5E3 /* main.m in Sources */,
			);
			runOnlyForDeploymentPostprocessing = 0;
		};
		6B6396A8192B0EE000DEA5E3 /* Sources */ = {
			isa = PBXSourcesBuildPhase;
			buildActionMask = 2147483647;
			files = (
				6B6396BA192B0EE000DEA5E3 /* SwipeShrinkTests.m in Sources */,
			);
			runOnlyForDeploymentPostprocessing = 0;
		};
/* End PBXSourcesBuildPhase section */

/* Begin PBXTargetDependency section */
		6B6396B2192B0EE000DEA5E3 /* PBXTargetDependency */ = {
			isa = PBXTargetDependency;
			target = 6B639687192B0EE000DEA5E3 /* SwipeShrink */;
			targetProxy = 6B6396B1192B0EE000DEA5E3 /* PBXContainerItemProxy */;
		};
/* End PBXTargetDependency section */

/* Begin PBXVariantGroup section */
		6B639694192B0EE000DEA5E3 /* InfoPlist.strings */ = {
			isa = PBXVariantGroup;
			children = (
				6B639695192B0EE000DEA5E3 /* en */,
			);
			name = InfoPlist.strings;
			sourceTree = "<group>";
		};
		6B6396B6192B0EE000DEA5E3 /* InfoPlist.strings */ = {
			isa = PBXVariantGroup;
			children = (
				6B6396B7192B0EE000DEA5E3 /* en */,
			);
			name = InfoPlist.strings;
			sourceTree = "<group>";
		};
/* End PBXVariantGroup section */

/* Begin XCBuildConfiguration section */
		6B6396BB192B0EE000DEA5E3 /* Debug */ = {
			isa = XCBuildConfiguration;
			buildSettings = {
				ALWAYS_SEARCH_USER_PATHS = NO;
				CLANG_CXX_LANGUAGE_STANDARD = "gnu++0x";
				CLANG_CXX_LIBRARY = "libc++";
				CLANG_ENABLE_MODULES = YES;
				CLANG_ENABLE_OBJC_ARC = YES;
				CLANG_WARN_BOOL_CONVERSION = YES;
				CLANG_WARN_CONSTANT_CONVERSION = YES;
				CLANG_WARN_DIRECT_OBJC_ISA_USAGE = YES_ERROR;
				CLANG_WARN_EMPTY_BODY = YES;
				CLANG_WARN_ENUM_CONVERSION = YES;
				CLANG_WARN_INT_CONVERSION = YES;
				CLANG_WARN_OBJC_ROOT_CLASS = YES_ERROR;
				CLANG_WARN__DUPLICATE_METHOD_MATCH = YES;
				"CODE_SIGN_IDENTITY[sdk=iphoneos*]" = "iPhone Developer";
				COPY_PHASE_STRIP = NO;
				GCC_C_LANGUAGE_STANDARD = gnu99;
				GCC_DYNAMIC_NO_PIC = NO;
				GCC_OPTIMIZATION_LEVEL = 0;
				GCC_PREPROCESSOR_DEFINITIONS = (
					"DEBUG=1",
					"$(inherited)",
				);
				GCC_SYMBOLS_PRIVATE_EXTERN = NO;
				GCC_WARN_64_TO_32_BIT_CONVERSION = YES;
				GCC_WARN_ABOUT_RETURN_TYPE = YES_ERROR;
				GCC_WARN_UNDECLARED_SELECTOR = YES;
				GCC_WARN_UNINITIALIZED_AUTOS = YES_AGGRESSIVE;
				GCC_WARN_UNUSED_FUNCTION = YES;
				GCC_WARN_UNUSED_VARIABLE = YES;
				IPHONEOS_DEPLOYMENT_TARGET = 7.1;
				ONLY_ACTIVE_ARCH = YES;
				SDKROOT = iphoneos;
				TARGETED_DEVICE_FAMILY = "1,2";
			};
			name = Debug;
		};
		6B6396BC192B0EE000DEA5E3 /* Release */ = {
			isa = XCBuildConfiguration;
			buildSettings = {
				ALWAYS_SEARCH_USER_PATHS = NO;
				CLANG_CXX_LANGUAGE_STANDARD = "gnu++0x";
				CLANG_CXX_LIBRARY = "libc++";
				CLANG_ENABLE_MODULES = YES;
				CLANG_ENABLE_OBJC_ARC = YES;
				CLANG_WARN_BOOL_CONVERSION = YES;
				CLANG_WARN_CONSTANT_CONVERSION = YES;
				CLANG_WARN_DIRECT_OBJC_ISA_USAGE = YES_ERROR;
				CLANG_WARN_EMPTY_BODY = YES;
				CLANG_WARN_ENUM_CONVERSION = YES;
				CLANG_WARN_INT_CONVERSION = YES;
				CLANG_WARN_OBJC_ROOT_CLASS = YES_ERROR;
				CLANG_WARN__DUPLICATE_METHOD_MATCH = YES;
				"CODE_SIGN_IDENTITY[sdk=iphoneos*]" = "iPhone Developer";
				COPY_PHASE_STRIP = YES;
				ENABLE_NS_ASSERTIONS = NO;
				GCC_C_LANGUAGE_STANDARD = gnu99;
				GCC_WARN_64_TO_32_BIT_CONVERSION = YES;
				GCC_WARN_ABOUT_RETURN_TYPE = YES_ERROR;
				GCC_WARN_UNDECLARED_SELECTOR = YES;
				GCC_WARN_UNINITIALIZED_AUTOS = YES_AGGRESSIVE;
				GCC_WARN_UNUSED_FUNCTION = YES;
				GCC_WARN_UNUSED_VARIABLE = YES;
				IPHONEOS_DEPLOYMENT_TARGET = 7.1;
				SDKROOT = iphoneos;
				TARGETED_DEVICE_FAMILY = "1,2";
				VALIDATE_PRODUCT = YES;
			};
			name = Release;
		};
		6B6396BE192B0EE000DEA5E3 /* Debug */ = {
			isa = XCBuildConfiguration;
			buildSettings = {
				ASSETCATALOG_COMPILER_APPICON_NAME = AppIcon;
				ASSETCATALOG_COMPILER_LAUNCHIMAGE_NAME = LaunchImage;
				FRAMEWORK_SEARCH_PATHS = (
					"$(inherited)",
					"$(PROJECT_DIR)",
				);
				GCC_PRECOMPILE_PREFIX_HEADER = YES;
				GCC_PREFIX_HEADER = "SwipeShrink/SwipeShrink-Prefix.pch";
				INFOPLIST_FILE = "SwipeShrink/SwipeShrink-Info.plist";
				PRODUCT_NAME = "$(TARGET_NAME)";
				WRAPPER_EXTENSION = app;
			};
			name = Debug;
		};
		6B6396BF192B0EE000DEA5E3 /* Release */ = {
			isa = XCBuildConfiguration;
			buildSettings = {
				ASSETCATALOG_COMPILER_APPICON_NAME = AppIcon;
				ASSETCATALOG_COMPILER_LAUNCHIMAGE_NAME = LaunchImage;
				FRAMEWORK_SEARCH_PATHS = (
					"$(inherited)",
					"$(PROJECT_DIR)",
				);
				GCC_PRECOMPILE_PREFIX_HEADER = YES;
				GCC_PREFIX_HEADER = "SwipeShrink/SwipeShrink-Prefix.pch";
				INFOPLIST_FILE = "SwipeShrink/SwipeShrink-Info.plist";
				PRODUCT_NAME = "$(TARGET_NAME)";
				WRAPPER_EXTENSION = app;
			};
			name = Release;
		};
		6B6396C1192B0EE000DEA5E3 /* Debug */ = {
			isa = XCBuildConfiguration;
			buildSettings = {
				BUNDLE_LOADER = "$(BUILT_PRODUCTS_DIR)/SwipeShrink.app/SwipeShrink";
				FRAMEWORK_SEARCH_PATHS = (
					"$(SDKROOT)/Developer/Library/Frameworks",
					"$(inherited)",
					"$(DEVELOPER_FRAMEWORKS_DIR)",
				);
				GCC_PRECOMPILE_PREFIX_HEADER = YES;
				GCC_PREFIX_HEADER = "SwipeShrink/SwipeShrink-Prefix.pch";
				GCC_PREPROCESSOR_DEFINITIONS = (
					"DEBUG=1",
					"$(inherited)",
				);
				INFOPLIST_FILE = "SwipeShrinkTests/SwipeShrinkTests-Info.plist";
				PRODUCT_NAME = "$(TARGET_NAME)";
				TEST_HOST = "$(BUNDLE_LOADER)";
				WRAPPER_EXTENSION = xctest;
			};
			name = Debug;
		};
		6B6396C2192B0EE000DEA5E3 /* Release */ = {
			isa = XCBuildConfiguration;
			buildSettings = {
				BUNDLE_LOADER = "$(BUILT_PRODUCTS_DIR)/SwipeShrink.app/SwipeShrink";
				FRAMEWORK_SEARCH_PATHS = (
					"$(SDKROOT)/Developer/Library/Frameworks",
					"$(inherited)",
					"$(DEVELOPER_FRAMEWORKS_DIR)",
				);
				GCC_PRECOMPILE_PREFIX_HEADER = YES;
				GCC_PREFIX_HEADER = "SwipeShrink/SwipeShrink-Prefix.pch";
				INFOPLIST_FILE = "SwipeShrinkTests/SwipeShrinkTests-Info.plist";
				PRODUCT_NAME = "$(TARGET_NAME)";
				TEST_HOST = "$(BUNDLE_LOADER)";
				WRAPPER_EXTENSION = xctest;
			};
			name = Release;
		};
/* End XCBuildConfiguration section */

/* Begin XCConfigurationList section */
		6B639683192B0EE000DEA5E3 /* Build configuration list for PBXProject "SwipeShrink" */ = {
			isa = XCConfigurationList;
			buildConfigurations = (
				6B6396BB192B0EE000DEA5E3 /* Debug */,
				6B6396BC192B0EE000DEA5E3 /* Release */,
			);
			defaultConfigurationIsVisible = 0;
			defaultConfigurationName = Release;
		};
		6B6396BD192B0EE000DEA5E3 /* Build configuration list for PBXNativeTarget "SwipeShrink" */ = {
			isa = XCConfigurationList;
			buildConfigurations = (
				6B6396BE192B0EE000DEA5E3 /* Debug */,
				6B6396BF192B0EE000DEA5E3 /* Release */,
			);
			defaultConfigurationIsVisible = 0;
			defaultConfigurationName = Release;
		};
		6B6396C0192B0EE000DEA5E3 /* Build configuration list for PBXNativeTarget "SwipeShrinkTests" */ = {
			isa = XCConfigurationList;
			buildConfigurations = (
				6B6396C1192B0EE000DEA5E3 /* Debug */,
				6B6396C2192B0EE000DEA5E3 /* Release */,
			);
			defaultConfigurationIsVisible = 0;
			defaultConfigurationName = Release;
		};
/* End XCConfigurationList section */
	};
	rootObject = 6B639680192B0EE000DEA5E3 /* Project object */;
}
